
Microsoft Visual Studio Solution File, Format Version 12.00
# Visual Studio Version 16
VisualStudioVersion = 16.0.30225.117
MinimumVisualStudioVersion = 10.0.40219.1
Project("{FAE04EC0-301F-11D3-BF4B-00C04F79EFBC}") = "CKMStoCFD_Log", "CKMStoCFD_Log\CKMStoCFD_Log.csproj", "{6F2E902B-020A-4F0B-A0DB-16DC4C909F3A}"
EndProject
Global
	GlobalSection(SolutionConfigurationPlatforms) = preSolution
		Debug|Any CPU = Debug|Any CPU
		Release|Any CPU = Release|Any CPU
	EndGlobalSection
	GlobalSection(ProjectConfigurationPlatforms) = postSolution
		{6F2E902B-020A-4F0B-A0DB-16DC4C909F3A}.Debug|Any CPU.ActiveCfg = Debug|Any CPU
		{6F2E902B-020A-4F0B-A0DB-16DC4C909F3A}.Debug|Any CPU.Build.0 = Debug|Any CPU
		{6F2E902B-020A-4F0B-A0DB-16DC4C909F3A}.Release|Any CPU.ActiveCfg = Release|Any CPU
		{6F2E902B-020A-4F0B-A0DB-16DC4C909F3A}.Release|Any CPU.Build.0 = Release|Any CPU
	EndGlobalSection
	GlobalSection(SolutionProperties) = preSolution
		HideSolutionNode = FALSE
	EndGlobalSection
	GlobalSection(ExtensibilityGlobals) = postSolution
		SolutionGuid = {1A954DB9-E315-464D-9543-940A40F9D2BB}
	EndGlobalSection
EndGlobal
